// !$*UTF8*$!
{
	archiveVersion = 1;
	classes = {
	};
	objectVersion = 48;
	objects = {

/* Begin PBXBuildFile section */
		2A226DE8204E307B0097D14A /* AppDelegate.swift in Sources */ = {isa = PBXBuildFile; fileRef = 2A226DE7204E307B0097D14A /* AppDelegate.swift */; };
		2A226DEA204E307B0097D14A /* ViewController.swift in Sources */ = {isa = PBXBuildFile; fileRef = 2A226DE9204E307B0097D14A /* ViewController.swift */; };
		2A226DED204E307B0097D14A /* Main.storyboard in Resources */ = {isa = PBXBuildFile; fileRef = 2A226DEB204E307B0097D14A /* Main.storyboard */; };
		2A226DEF204E307B0097D14A /* Assets.xcassets in Resources */ = {isa = PBXBuildFile; fileRef = 2A226DEE204E307B0097D14A /* Assets.xcassets */; };
		2A226DF2204E307B0097D14A /* LaunchScreen.storyboard in Resources */ = {isa = PBXBuildFile; fileRef = 2A226DF0204E307B0097D14A /* LaunchScreen.storyboard */; };
		2A226DFD204E307B0097D14A /* HBBookerTests.swift in Sources */ = {isa = PBXBuildFile; fileRef = 2A226DFC204E307B0097D14A /* HBBookerTests.swift */; };
		2A226E08204E307B0097D14A /* HBBookerUITests.swift in Sources */ = {isa = PBXBuildFile; fileRef = 2A226E07204E307B0097D14A /* HBBookerUITests.swift */; };
		2A226E16204E323D0097D14A /* HBBookView.swift in Sources */ = {isa = PBXBuildFile; fileRef = 2A226E15204E323D0097D14A /* HBBookView.swift */; };
		2A226E18204E32670097D14A /* HBPageView.swift in Sources */ = {isa = PBXBuildFile; fileRef = 2A226E17204E32670097D14A /* HBPageView.swift */; };
		2A226E1A204E47D10097D14A /* TestPageView.swift in Sources */ = {isa = PBXBuildFile; fileRef = 2A226E19204E47D10097D14A /* TestPageView.swift */; };
		2A5C3BC4204F828D0052C191 /* HBAnimator.swift in Sources */ = {isa = PBXBuildFile; fileRef = 2A5C3BC3204F828D0052C191 /* HBAnimator.swift */; };
		2A5C3BC5204F8AF90052C191 /* pop.framework in Frameworks */ = {isa = PBXBuildFile; fileRef = 2A5C3BC6204F8AF90052C191 /* pop.framework */; };
		2ABD3E05204FC6A700B3D70C /* HBParams.swift in Sources */ = {isa = PBXBuildFile; fileRef = 2ABD3E04204FC6A700B3D70C /* HBParams.swift */; };
		38F8CDC0CB2DF7A4005B0D91 /* Pods_HBBooker.framework in Frameworks */ = {isa = PBXBuildFile; fileRef = 29F92BDC518EF5B94E4E721B /* Pods_HBBooker.framework */; };
/* End PBXBuildFile section */

/* Begin PBXContainerItemProxy section */
		2A226DF9204E307B0097D14A /* PBXContainerItemProxy */ = {
			isa = PBXContainerItemProxy;
			containerPortal = 2A226DDC204E307B0097D14A /* Project object */;
			proxyType = 1;
			remoteGlobalIDString = 2A226DE3204E307B0097D14A;
			remoteInfo = HBBooker;
		};
		2A226E04204E307B0097D14A /* PBXContainerItemProxy */ = {
			isa = PBXContainerItemProxy;
			containerPortal = 2A226DDC204E307B0097D14A /* Project object */;
			proxyType = 1;
			remoteGlobalIDString = 2A226DE3204E307B0097D14A;
			remoteInfo = HBBooker;
		};
/* End PBXContainerItemProxy section */

/* Begin PBXFileReference section */
		29F92BDC518EF5B94E4E721B /* Pods_HBBooker.framework */ = {isa = PBXFileReference; explicitFileType = wrapper.framework; includeInIndex = 0; path = Pods_HBBooker.framework; sourceTree = BUILT_PRODUCTS_DIR; };
		2A226DE4204E307B0097D14A /* HBBooker.app */ = {isa = PBXFileReference; explicitFileType = wrapper.application; includeInIndex = 0; path = HBBooker.app; sourceTree = BUILT_PRODUCTS_DIR; };
		2A226DE7204E307B0097D14A /* AppDelegate.swift */ = {isa = PBXFileReference; lastKnownFileType = sourcecode.swift; path = AppDelegate.swift; sourceTree = "<group>"; };
		2A226DE9204E307B0097D14A /* ViewController.swift */ = {isa = PBXFileReference; lastKnownFileType = sourcecode.swift; path = ViewController.swift; sourceTree = "<group>"; };
		2A226DEC204E307B0097D14A /* Base */ = {isa = PBXFileReference; lastKnownFileType = file.storyboard; name = Base; path = Base.lproj/Main.storyboard; sourceTree = "<group>"; };
		2A226DEE204E307B0097D14A /* Assets.xcassets */ = {isa = PBXFileReference; lastKnownFileType = folder.assetcatalog; path = Assets.xcassets; sourceTree = "<group>"; };
		2A226DF1204E307B0097D14A /* Base */ = {isa = PBXFileReference; lastKnownFileType = file.storyboard; name = Base; path = Base.lproj/LaunchScreen.storyboard; sourceTree = "<group>"; };
		2A226DF3204E307B0097D14A /* Info.plist */ = {isa = PBXFileReference; lastKnownFileType = text.plist.xml; path = Info.plist; sourceTree = "<group>"; };
		2A226DF8204E307B0097D14A /* HBBookerTests.xctest */ = {isa = PBXFileReference; explicitFileType = wrapper.cfbundle; includeInIndex = 0; path = HBBookerTests.xctest; sourceTree = BUILT_PRODUCTS_DIR; };
		2A226DFC204E307B0097D14A /* HBBookerTests.swift */ = {isa = PBXFileReference; lastKnownFileType = sourcecode.swift; path = HBBookerTests.swift; sourceTree = "<group>"; };
		2A226DFE204E307B0097D14A /* Info.plist */ = {isa = PBXFileReference; lastKnownFileType = text.plist.xml; path = Info.plist; sourceTree = "<group>"; };
		2A226E03204E307B0097D14A /* HBBookerUITests.xctest */ = {isa = PBXFileReference; explicitFileType = wrapper.cfbundle; includeInIndex = 0; path = HBBookerUITests.xctest; sourceTree = BUILT_PRODUCTS_DIR; };
		2A226E07204E307B0097D14A /* HBBookerUITests.swift */ = {isa = PBXFileReference; lastKnownFileType = sourcecode.swift; path = HBBookerUITests.swift; sourceTree = "<group>"; };
		2A226E09204E307B0097D14A /* Info.plist */ = {isa = PBXFileReference; lastKnownFileType = text.plist.xml; path = Info.plist; sourceTree = "<group>"; };
		2A226E15204E323D0097D14A /* HBBookView.swift */ = {isa = PBXFileReference; lastKnownFileType = sourcecode.swift; path = HBBookView.swift; sourceTree = "<group>"; };
		2A226E17204E32670097D14A /* HBPageView.swift */ = {isa = PBXFileReference; lastKnownFileType = sourcecode.swift; path = HBPageView.swift; sourceTree = "<group>"; };
		2A226E19204E47D10097D14A /* TestPageView.swift */ = {isa = PBXFileReference; lastKnownFileType = sourcecode.swift; path = TestPageView.swift; sourceTree = "<group>"; };
		2A5C3BC3204F828D0052C191 /* HBAnimator.swift */ = {isa = PBXFileReference; lastKnownFileType = sourcecode.swift; path = HBAnimator.swift; sourceTree = "<group>"; };
		2A5C3BC6204F8AF90052C191 /* pop.framework */ = {isa = PBXFileReference; explicitFileType = wrapper.framework; path = pop.framework; sourceTree = BUILT_PRODUCTS_DIR; };
		2A5C3BC7204F8BAF0052C191 /* HBBooker-Bridging-Header.h */ = {isa = PBXFileReference; lastKnownFileType = sourcecode.c.h; path = "HBBooker-Bridging-Header.h"; sourceTree = "<group>"; };
		2ABD3E04204FC6A700B3D70C /* HBParams.swift */ = {isa = PBXFileReference; lastKnownFileType = sourcecode.swift; path = HBParams.swift; sourceTree = "<group>"; };
		4791F7088241F83EE37FAA71 /* Pods-HBBooker.debug.xcconfig */ = {isa = PBXFileReference; includeInIndex = 1; lastKnownFileType = text.xcconfig; name = "Pods-HBBooker.debug.xcconfig"; path = "Pods/Target Support Files/Pods-HBBooker/Pods-HBBooker.debug.xcconfig"; sourceTree = "<group>"; };
		E7D06B327A00EE6B8B6048BB /* Pods-HBBooker.release.xcconfig */ = {isa = PBXFileReference; includeInIndex = 1; lastKnownFileType = text.xcconfig; name = "Pods-HBBooker.release.xcconfig"; path = "Pods/Target Support Files/Pods-HBBooker/Pods-HBBooker.release.xcconfig"; sourceTree = "<group>"; };
/* End PBXFileReference section */

/* Begin PBXFrameworksBuildPhase section */
		2A226DE1204E307B0097D14A /* Frameworks */ = {
			isa = PBXFrameworksBuildPhase;
			buildActionMask = 2147483647;
			files = (
				2A5C3BC5204F8AF90052C191 /* pop.framework in Frameworks */,
				38F8CDC0CB2DF7A4005B0D91 /* Pods_HBBooker.framework in Frameworks */,
			);
			runOnlyForDeploymentPostprocessing = 0;
		};
		2A226DF5204E307B0097D14A /* Frameworks */ = {
			isa = PBXFrameworksBuildPhase;
			buildActionMask = 2147483647;
			files = (
			);
			runOnlyForDeploymentPostprocessing = 0;
		};
		2A226E00204E307B0097D14A /* Frameworks */ = {
			isa = PBXFrameworksBuildPhase;
			buildActionMask = 2147483647;
			files = (
			);
			runOnlyForDeploymentPostprocessing = 0;
		};
/* End PBXFrameworksBuildPhase section */

/* Begin PBXGroup section */
		2A226DDB204E307B0097D14A = {
			isa = PBXGroup;
			children = (
				2A226DE6204E307B0097D14A /* HBBooker */,
				2A226DFB204E307B0097D14A /* HBBookerTests */,
				2A226E06204E307B0097D14A /* HBBookerUITests */,
				2A226DE5204E307B0097D14A /* Products */,
				86433F3BD46F89B504FADE4F /* Pods */,
				F80771A7B8D2E28BDE088F5A /* Frameworks */,
			);
			sourceTree = "<group>";
		};
		2A226DE5204E307B0097D14A /* Products */ = {
			isa = PBXGroup;
			children = (
				2A226DE4204E307B0097D14A /* HBBooker.app */,
				2A226DF8204E307B0097D14A /* HBBookerTests.xctest */,
				2A226E03204E307B0097D14A /* HBBookerUITests.xctest */,
			);
			name = Products;
			sourceTree = "<group>";
		};
		2A226DE6204E307B0097D14A /* HBBooker */ = {
			isa = PBXGroup;
			children = (
				2A226DE7204E307B0097D14A /* AppDelegate.swift */,
				2A226DE9204E307B0097D14A /* ViewController.swift */,
				2A226DEB204E307B0097D14A /* Main.storyboard */,
				2A226DEE204E307B0097D14A /* Assets.xcassets */,
				2A226DF0204E307B0097D14A /* LaunchScreen.storyboard */,
				2A226DF3204E307B0097D14A /* Info.plist */,
				2A226E15204E323D0097D14A /* HBBookView.swift */,
				2A226E17204E32670097D14A /* HBPageView.swift */,
				2ABD3E04204FC6A700B3D70C /* HBParams.swift */,
				2A226E19204E47D10097D14A /* TestPageView.swift */,
				2A5C3BC3204F828D0052C191 /* HBAnimator.swift */,
				2A5C3BC7204F8BAF0052C191 /* HBBooker-Bridging-Header.h */,
			);
			path = HBBooker;
			sourceTree = "<group>";
		};
		2A226DFB204E307B0097D14A /* HBBookerTests */ = {
			isa = PBXGroup;
			children = (
				2A226DFC204E307B0097D14A /* HBBookerTests.swift */,
				2A226DFE204E307B0097D14A /* Info.plist */,
			);
			path = HBBookerTests;
			sourceTree = "<group>";
		};
		2A226E06204E307B0097D14A /* HBBookerUITests */ = {
			isa = PBXGroup;
			children = (
				2A226E07204E307B0097D14A /* HBBookerUITests.swift */,
				2A226E09204E307B0097D14A /* Info.plist */,
			);
			path = HBBookerUITests;
			sourceTree = "<group>";
		};
		86433F3BD46F89B504FADE4F /* Pods */ = {
			isa = PBXGroup;
			children = (
				4791F7088241F83EE37FAA71 /* Pods-HBBooker.debug.xcconfig */,
				E7D06B327A00EE6B8B6048BB /* Pods-HBBooker.release.xcconfig */,
			);
			name = Pods;
			sourceTree = "<group>";
		};
		F80771A7B8D2E28BDE088F5A /* Frameworks */ = {
			isa = PBXGroup;
			children = (
				2A5C3BC6204F8AF90052C191 /* pop.framework */,
				29F92BDC518EF5B94E4E721B /* Pods_HBBooker.framework */,
			);
			name = Frameworks;
			sourceTree = "<group>";
		};
/* End PBXGroup section */

/* Begin PBXNativeTarget section */
		2A226DE3204E307B0097D14A /* HBBooker */ = {
			isa = PBXNativeTarget;
			buildConfigurationList = 2A226E0C204E307B0097D14A /* Build configuration list for PBXNativeTarget "HBBooker" */;
			buildPhases = (
				C0C4EDD5C2BC0CCC4CBA099B /* [CP] Check Pods Manifest.lock */,
				2A226DE0204E307B0097D14A /* Sources */,
				2A226DE1204E307B0097D14A /* Frameworks */,
				2A226DE2204E307B0097D14A /* Resources */,
				8BFC504FEB3E3EE040989F25 /* [CP] Embed Pods Frameworks */,
				5EA625EC48EC719AC78A3E00 /* [CP] Copy Pods Resources */,
			);
			buildRules = (
			);
			dependencies = (
			);
			name = HBBooker;
			productName = HBBooker;
			productReference = 2A226DE4204E307B0097D14A /* HBBooker.app */;
			productType = "com.apple.product-type.application";
		};
		2A226DF7204E307B0097D14A /* HBBookerTests */ = {
			isa = PBXNativeTarget;
			buildConfigurationList = 2A226E0F204E307B0097D14A /* Build configuration list for PBXNativeTarget "HBBookerTests" */;
			buildPhases = (
				2A226DF4204E307B0097D14A /* Sources */,
				2A226DF5204E307B0097D14A /* Frameworks */,
				2A226DF6204E307B0097D14A /* Resources */,
			);
			buildRules = (
			);
			dependencies = (
				2A226DFA204E307B0097D14A /* PBXTargetDependency */,
			);
			name = HBBookerTests;
			productName = HBBookerTests;
			productReference = 2A226DF8204E307B0097D14A /* HBBookerTests.xctest */;
			productType = "com.apple.product-type.bundle.unit-test";
		};
		2A226E02204E307B0097D14A /* HBBookerUITests */ = {
			isa = PBXNativeTarget;
			buildConfigurationList = 2A226E12204E307B0097D14A /* Build configuration list for PBXNativeTarget "HBBookerUITests" */;
			buildPhases = (
				2A226DFF204E307B0097D14A /* Sources */,
				2A226E00204E307B0097D14A /* Frameworks */,
				2A226E01204E307B0097D14A /* Resources */,
			);
			buildRules = (
			);
			dependencies = (
				2A226E05204E307B0097D14A /* PBXTargetDependency */,
			);
			name = HBBookerUITests;
			productName = HBBookerUITests;
			productReference = 2A226E03204E307B0097D14A /* HBBookerUITests.xctest */;
			productType = "com.apple.product-type.bundle.ui-testing";
		};
/* End PBXNativeTarget section */

/* Begin PBXProject section */
		2A226DDC204E307B0097D14A /* Project object */ = {
			isa = PBXProject;
			attributes = {
				LastSwiftUpdateCheck = 0920;
				LastUpgradeCheck = 0920;
				ORGANIZATIONNAME = HonBoom;
				TargetAttributes = {
					2A226DE3204E307B0097D14A = {
						CreatedOnToolsVersion = 9.2;
						LastSwiftMigration = 0920;
						ProvisioningStyle = Automatic;
					};
					2A226DF7204E307B0097D14A = {
						CreatedOnToolsVersion = 9.2;
						ProvisioningStyle = Automatic;
						TestTargetID = 2A226DE3204E307B0097D14A;
					};
					2A226E02204E307B0097D14A = {
						CreatedOnToolsVersion = 9.2;
						ProvisioningStyle = Automatic;
						TestTargetID = 2A226DE3204E307B0097D14A;
					};
				};
			};
			buildConfigurationList = 2A226DDF204E307B0097D14A /* Build configuration list for PBXProject "HBBooker" */;
			compatibilityVersion = "Xcode 8.0";
			developmentRegion = en;
			hasScannedForEncodings = 0;
			knownRegions = (
				en,
				Base,
			);
			mainGroup = 2A226DDB204E307B0097D14A;
			productRefGroup = 2A226DE5204E307B0097D14A /* Products */;
			projectDirPath = "";
			projectRoot = "";
			targets = (
				2A226DE3204E307B0097D14A /* HBBooker */,
				2A226DF7204E307B0097D14A /* HBBookerTests */,
				2A226E02204E307B0097D14A /* HBBookerUITests */,
			);
		};
/* End PBXProject section */

/* Begin PBXResourcesBuildPhase section */
		2A226DE2204E307B0097D14A /* Resources */ = {
			isa = PBXResourcesBuildPhase;
			buildActionMask = 2147483647;
			files = (
				2A226DF2204E307B0097D14A /* LaunchScreen.storyboard in Resources */,
				2A226DEF204E307B0097D14A /* Assets.xcassets in Resources */,
				2A226DED204E307B0097D14A /* Main.storyboard in Resources */,
			);
			runOnlyForDeploymentPostprocessing = 0;
		};
		2A226DF6204E307B0097D14A /* Resources */ = {
			isa = PBXResourcesBuildPhase;
			buildActionMask = 2147483647;
			files = (
			);
			runOnlyForDeploymentPostprocessing = 0;
		};
		2A226E01204E307B0097D14A /* Resources */ = {
			isa = PBXResourcesBuildPhase;
			buildActionMask = 2147483647;
			files = (
			);
			runOnlyForDeploymentPostprocessing = 0;
		};
/* End PBXResourcesBuildPhase section */

/* Begin PBXShellScriptBuildPhase section */
		5EA625EC48EC719AC78A3E00 /* [CP] Copy Pods Resources */ = {
			isa = PBXShellScriptBuildPhase;
			buildActionMask = 2147483647;
			files = (
			);
			inputPaths = (
			);
			name = "[CP] Copy Pods Resources";
			outputPaths = (
			);
			runOnlyForDeploymentPostprocessing = 0;
			shellPath = /bin/sh;
			shellScript = "\"${SRCROOT}/Pods/Target Support Files/Pods-HBBooker/Pods-HBBooker-resources.sh\"\n";
			showEnvVarsInLog = 0;
		};
		8BFC504FEB3E3EE040989F25 /* [CP] Embed Pods Frameworks */ = {
			isa = PBXShellScriptBuildPhase;
			buildActionMask = 2147483647;
			files = (
			);
			inputPaths = (
				"${SRCROOT}/Pods/Target Support Files/Pods-HBBooker/Pods-HBBooker-frameworks.sh",
				"${BUILT_PRODUCTS_DIR}/pop/pop.framework",
			);
			name = "[CP] Embed Pods Frameworks";
			outputPaths = (
				"${TARGET_BUILD_DIR}/${FRAMEWORKS_FOLDER_PATH}/pop.framework",
			);
			runOnlyForDeploymentPostprocessing = 0;
			shellPath = /bin/sh;
			shellScript = "\"${SRCROOT}/Pods/Target Support Files/Pods-HBBooker/Pods-HBBooker-frameworks.sh\"\n";
			showEnvVarsInLog = 0;
		};
		C0C4EDD5C2BC0CCC4CBA099B /* [CP] Check Pods Manifest.lock */ = {
			isa = PBXShellScriptBuildPhase;
			buildActionMask = 2147483647;
			files = (
			);
			inputPaths = (
				"${PODS_PODFILE_DIR_PATH}/Podfile.lock",
				"${PODS_ROOT}/Manifest.lock",
			);
			name = "[CP] Check Pods Manifest.lock";
			outputPaths = (
				"$(DERIVED_FILE_DIR)/Pods-HBBooker-checkManifestLockResult.txt",
			);
			runOnlyForDeploymentPostprocessing = 0;
			shellPath = /bin/sh;
			shellScript = "diff \"${PODS_PODFILE_DIR_PATH}/Podfile.lock\" \"${PODS_ROOT}/Manifest.lock\" > /dev/null\nif [ $? != 0 ] ; then\n    # print error to STDERR\n    echo \"error: The sandbox is not in sync with the Podfile.lock. Run 'pod install' or update your CocoaPods installation.\" >&2\n    exit 1\nfi\n# This output is used by Xcode 'outputs' to avoid re-running this script phase.\necho \"SUCCESS\" > \"${SCRIPT_OUTPUT_FILE_0}\"\n";
			showEnvVarsInLog = 0;
		};
/* End PBXShellScriptBuildPhase section */

/* Begin PBXSourcesBuildPhase section */
		2A226DE0204E307B0097D14A /* Sources */ = {
			isa = PBXSourcesBuildPhase;
			buildActionMask = 2147483647;
			files = (
				2A226DEA204E307B0097D14A /* ViewController.swift in Sources */,
				2A226E18204E32670097D14A /* HBPageView.swift in Sources */,
				2A226E1A204E47D10097D14A /* TestPageView.swift in Sources */,
				2A226E16204E323D0097D14A /* HBBookView.swift in Sources */,
				2A5C3BC4204F828D0052C191 /* HBAnimator.swift in Sources */,
				2ABD3E05204FC6A700B3D70C /* HBParams.swift in Sources */,
				2A226DE8204E307B0097D14A /* AppDelegate.swift in Sources */,
			);
			runOnlyForDeploymentPostprocessing = 0;
		};
		2A226DF4204E307B0097D14A /* Sources */ = {
			isa = PBXSourcesBuildPhase;
			buildActionMask = 2147483647;
			files = (
				2A226DFD204E307B0097D14A /* HBBookerTests.swift in Sources */,
			);
			runOnlyForDeploymentPostprocessing = 0;
		};
		2A226DFF204E307B0097D14A /* Sources */ = {
			isa = PBXSourcesBuildPhase;
			buildActionMask = 2147483647;
			files = (
				2A226E08204E307B0097D14A /* HBBookerUITests.swift in Sources */,
			);
			runOnlyForDeploymentPostprocessing = 0;
		};
/* End PBXSourcesBuildPhase section */

/* Begin PBXTargetDependency section */
		2A226DFA204E307B0097D14A /* PBXTargetDependency */ = {
			isa = PBXTargetDependency;
			target = 2A226DE3204E307B0097D14A /* HBBooker */;
			targetProxy = 2A226DF9204E307B0097D14A /* PBXContainerItemProxy */;
		};
		2A226E05204E307B0097D14A /* PBXTargetDependency */ = {
			isa = PBXTargetDependency;
			target = 2A226DE3204E307B0097D14A /* HBBooker */;
			targetProxy = 2A226E04204E307B0097D14A /* PBXContainerItemProxy */;
		};
/* End PBXTargetDependency section */

/* Begin PBXVariantGroup section */
		2A226DEB204E307B0097D14A /* Main.storyboard */ = {
			isa = PBXVariantGroup;
			children = (
				2A226DEC204E307B0097D14A /* Base */,
			);
			name = Main.storyboard;
			sourceTree = "<group>";
		};
		2A226DF0204E307B0097D14A /* LaunchScreen.storyboard */ = {
			isa = PBXVariantGroup;
			children = (
				2A226DF1204E307B0097D14A /* Base */,
			);
			name = LaunchScreen.storyboard;
			sourceTree = "<group>";
		};
/* End PBXVariantGroup section */

/* Begin XCBuildConfiguration section */
		2A226E0A204E307B0097D14A /* Debug */ = {
			isa = XCBuildConfiguration;
			buildSettings = {
				ALWAYS_SEARCH_USER_PATHS = NO;
				CLANG_ANALYZER_NONNULL = YES;
				CLANG_ANALYZER_NUMBER_OBJECT_CONVERSION = YES_AGGRESSIVE;
				CLANG_CXX_LANGUAGE_STANDARD = "gnu++14";
				CLANG_CXX_LIBRARY = "libc++";
				CLANG_ENABLE_MODULES = YES;
				CLANG_ENABLE_OBJC_ARC = YES;
				CLANG_WARN_BLOCK_CAPTURE_AUTORELEASING = YES;
				CLANG_WARN_BOOL_CONVERSION = YES;
				CLANG_WARN_COMMA = YES;
				CLANG_WARN_CONSTANT_CONVERSION = YES;
				CLANG_WARN_DIRECT_OBJC_ISA_USAGE = YES_ERROR;
				CLANG_WARN_DOCUMENTATION_COMMENTS = YES;
				CLANG_WARN_EMPTY_BODY = YES;
				CLANG_WARN_ENUM_CONVERSION = YES;
				CLANG_WARN_INFINITE_RECURSION = YES;
				CLANG_WARN_INT_CONVERSION = YES;
				CLANG_WARN_NON_LITERAL_NULL_CONVERSION = YES;
				CLANG_WARN_OBJC_LITERAL_CONVERSION = YES;
				CLANG_WARN_OBJC_ROOT_CLASS = YES_ERROR;
				CLANG_WARN_RANGE_LOOP_ANALYSIS = YES;
				CLANG_WARN_STRICT_PROTOTYPES = YES;
				CLANG_WARN_SUSPICIOUS_MOVE = YES;
				CLANG_WARN_UNGUARDED_AVAILABILITY = YES_AGGRESSIVE;
				CLANG_WARN_UNREACHABLE_CODE = YES;
				CLANG_WARN__DUPLICATE_METHOD_MATCH = YES;
				CODE_SIGN_IDENTITY = "iPhone Developer";
				COPY_PHASE_STRIP = NO;
				DEBUG_INFORMATION_FORMAT = dwarf;
				ENABLE_STRICT_OBJC_MSGSEND = YES;
				ENABLE_TESTABILITY = YES;
				GCC_C_LANGUAGE_STANDARD = gnu11;
				GCC_DYNAMIC_NO_PIC = NO;
				GCC_NO_COMMON_BLOCKS = YES;
				GCC_OPTIMIZATION_LEVEL = 0;
				GCC_PREPROCESSOR_DEFINITIONS = (
					"DEBUG=1",
					"$(inherited)",
				);
				GCC_WARN_64_TO_32_BIT_CONVERSION = YES;
				GCC_WARN_ABOUT_RETURN_TYPE = YES_ERROR;
				GCC_WARN_UNDECLARED_SELECTOR = YES;
				GCC_WARN_UNINITIALIZED_AUTOS = YES_AGGRESSIVE;
				GCC_WARN_UNUSED_FUNCTION = YES;
				GCC_WARN_UNUSED_VARIABLE = YES;
				IPHONEOS_DEPLOYMENT_TARGET = 11.2;
				MTL_ENABLE_DEBUG_INFO = YES;
				ONLY_ACTIVE_ARCH = YES;
				SDKROOT = iphoneos;
				SWIFT_ACTIVE_COMPILATION_CONDITIONS = DEBUG;
				SWIFT_OPTIMIZATION_LEVEL = "-Onone";
			};
			name = Debug;
		};
		2A226E0B204E307B0097D14A /* Release */ = {
			isa = XCBuildConfiguration;
			buildSettings = {
				ALWAYS_SEARCH_USER_PATHS = NO;
				CLANG_ANALYZER_NONNULL = YES;
				CLANG_ANALYZER_NUMBER_OBJECT_CONVERSION = YES_AGGRESSIVE;
				CLANG_CXX_LANGUAGE_STANDARD = "gnu++14";
				CLANG_CXX_LIBRARY = "libc++";
				CLANG_ENABLE_MODULES = YES;
				CLANG_ENABLE_OBJC_ARC = YES;
				CLANG_WARN_BLOCK_CAPTURE_AUTORELEASING = YES;
				CLANG_WARN_BOOL_CONVERSION = YES;
				CLANG_WARN_COMMA = YES;
				CLANG_WARN_CONSTANT_CONVERSION = YES;
				CLANG_WARN_DIRECT_OBJC_ISA_USAGE = YES_ERROR;
				CLANG_WARN_DOCUMENTATION_COMMENTS = YES;
				CLANG_WARN_EMPTY_BODY = YES;
				CLANG_WARN_ENUM_CONVERSION = YES;
				CLANG_WARN_INFINITE_RECURSION = YES;
				CLANG_WARN_INT_CONVERSION = YES;
				CLANG_WARN_NON_LITERAL_NULL_CONVERSION = YES;
				CLANG_WARN_OBJC_LITERAL_CONVERSION = YES;
				CLANG_WARN_OBJC_ROOT_CLASS = YES_ERROR;
				CLANG_WARN_RANGE_LOOP_ANALYSIS = YES;
				CLANG_WARN_STRICT_PROTOTYPES = YES;
				CLANG_WARN_SUSPICIOUS_MOVE = YES;
				CLANG_WARN_UNGUARDED_AVAILABILITY = YES_AGGRESSIVE;
				CLANG_WARN_UNREACHABLE_CODE = YES;
				CLANG_WARN__DUPLICATE_METHOD_MATCH = YES;
				CODE_SIGN_IDENTITY = "iPhone Developer";
				COPY_PHASE_STRIP = NO;
				DEBUG_INFORMATION_FORMAT = "dwarf-with-dsym";
				ENABLE_NS_ASSERTIONS = NO;
				ENABLE_STRICT_OBJC_MSGSEND = YES;
				GCC_C_LANGUAGE_STANDARD = gnu11;
				GCC_NO_COMMON_BLOCKS = YES;
				GCC_WARN_64_TO_32_BIT_CONVERSION = YES;
				GCC_WARN_ABOUT_RETURN_TYPE = YES_ERROR;
				GCC_WARN_UNDECLARED_SELECTOR = YES;
				GCC_WARN_UNINITIALIZED_AUTOS = YES_AGGRESSIVE;
				GCC_WARN_UNUSED_FUNCTION = YES;
				GCC_WARN_UNUSED_VARIABLE = YES;
				IPHONEOS_DEPLOYMENT_TARGET = 11.2;
				MTL_ENABLE_DEBUG_INFO = NO;
				SDKROOT = iphoneos;
				SWIFT_OPTIMIZATION_LEVEL = "-Owholemodule";
				VALIDATE_PRODUCT = YES;
			};
			name = Release;
		};
		2A226E0D204E307B0097D14A /* Debug */ = {
			isa = XCBuildConfiguration;
			baseConfigurationReference = 4791F7088241F83EE37FAA71 /* Pods-HBBooker.debug.xcconfig */;
			buildSettings = {
				ASSETCATALOG_COMPILER_APPICON_NAME = AppIcon;
				CLANG_ENABLE_MODULES = YES;
				CODE_SIGN_STYLE = Automatic;
				DEVELOPMENT_TEAM = AUU237XZLK;
				INFOPLIST_FILE = HBBooker/Info.plist;
				IPHONEOS_DEPLOYMENT_TARGET = 10.3;
				LD_RUNPATH_SEARCH_PATHS = "$(inherited) @executable_path/Frameworks";
				PRODUCT_BUNDLE_IDENTIFIER = com.spark.JB.HBBooker;
				PRODUCT_NAME = "$(TARGET_NAME)";
				SWIFT_OBJC_BRIDGING_HEADER = "HBBooker/HBBooker-Bridging-Header.h";
				SWIFT_OPTIMIZATION_LEVEL = "-Onone";
				SWIFT_VERSION = 4.0;
				TARGETED_DEVICE_FAMILY = "1,2";
			};
			name = Debug;
		};
		2A226E0E204E307B0097D14A /* Release */ = {
			isa = XCBuildConfiguration;
			baseConfigurationReference = E7D06B327A00EE6B8B6048BB /* Pods-HBBooker.release.xcconfig */;
			buildSettings = {
				ASSETCATALOG_COMPILER_APPICON_NAME = AppIcon;
				CLANG_ENABLE_MODULES = YES;
				CODE_SIGN_STYLE = Automatic;
				DEVELOPMENT_TEAM = AUU237XZLK;
				INFOPLIST_FILE = HBBooker/Info.plist;
				IPHONEOS_DEPLOYMENT_TARGET = 10.3;
				LD_RUNPATH_SEARCH_PATHS = "$(inherited) @executable_path/Frameworks";
				PRODUCT_BUNDLE_IDENTIFIER = com.spark.JB.HBBooker;
				PRODUCT_NAME = "$(TARGET_NAME)";
				SWIFT_OBJC_BRIDGING_HEADER = "HBBooker/HBBooker-Bridging-Header.h";
				SWIFT_VERSION = 4.0;
				TARGETED_DEVICE_FAMILY = "1,2";
			};
			name = Release;
		};
		2A226E10204E307B0097D14A /* Debug */ = {
			isa = XCBuildConfiguration;
			buildSettings = {
				ALWAYS_EMBED_SWIFT_STANDARD_LIBRARIES = YES;
				BUNDLE_LOADER = "$(TEST_HOST)";
				CODE_SIGN_STYLE = Automatic;
				DEVELOPMENT_TEAM = AUU237XZLK;
				INFOPLIST_FILE = HBBookerTests/Info.plist;
				LD_RUNPATH_SEARCH_PATHS = "$(inherited) @executable_path/Frameworks @loader_path/Frameworks";
				PRODUCT_BUNDLE_IDENTIFIER = com.spark.JB.HBBookerTests;
				PRODUCT_NAME = "$(TARGET_NAME)";
				SWIFT_VERSION = 4.0;
				TARGETED_DEVICE_FAMILY = "1,2";
				TEST_HOST = "$(BUILT_PRODUCTS_DIR)/HBBooker.app/HBBooker";
			};
			name = Debug;
		};
		2A226E11204E307B0097D14A /* Release */ = {
			isa = XCBuildConfiguration;
			buildSettings = {
				ALWAYS_EMBED_SWIFT_STANDARD_LIBRARIES = YES;
				BUNDLE_LOADER = "$(TEST_HOST)";
				CODE_SIGN_STYLE = Automatic;
				DEVELOPMENT_TEAM = AUU237XZLK;
				INFOPLIST_FILE = HBBookerTests/Info.plist;
				LD_RUNPATH_SEARCH_PATHS = "$(inherited) @executable_path/Frameworks @loader_path/Frameworks";
				PRODUCT_BUNDLE_IDENTIFIER = com.spark.JB.HBBookerTests;
				PRODUCT_NAME = "$(TARGET_NAME)";
				SWIFT_VERSION = 4.0;
				TARGETED_DEVICE_FAMILY = "1,2";
				TEST_HOST = "$(BUILT_PRODUCTS_DIR)/HBBooker.app/HBBooker";
			};
			name = Release;
		};
		2A226E13204E307B0097D14A /* Debug */ = {
			isa = XCBuildConfiguration;
			buildSettings = {
				ALWAYS_EMBED_SWIFT_STANDARD_LIBRARIES = YES;
				CODE_SIGN_STYLE = Automatic;
				DEVELOPMENT_TEAM = AUU237XZLK;
				INFOPLIST_FILE = HBBookerUITests/Info.plist;
				LD_RUNPATH_SEARCH_PATHS = "$(inherited) @executable_path/Frameworks @loader_path/Frameworks";
				PRODUCT_BUNDLE_IDENTIFIER = com.spark.JB.HBBookerUITests;
				PRODUCT_NAME = "$(TARGET_NAME)";
				SWIFT_VERSION = 4.0;
				TARGETED_DEVICE_FAMILY = "1,2";
				TEST_TARGET_NAME = HBBooker;
			};
			name = Debug;
		};
		2A226E14204E307B0097D14A /* Release */ = {
			isa = XCBuildConfiguration;
			buildSettings = {
				ALWAYS_EMBED_SWIFT_STANDARD_LIBRARIES = YES;
				CODE_SIGN_STYLE = Automatic;
				DEVELOPMENT_TEAM = AUU237XZLK;
				INFOPLIST_FILE = HBBookerUITests/Info.plist;
				LD_RUNPATH_SEARCH_PATHS = "$(inherited) @executable_path/Frameworks @loader_path/Frameworks";
				PRODUCT_BUNDLE_IDENTIFIER = com.spark.JB.HBBookerUITests;
				PRODUCT_NAME = "$(TARGET_NAME)";
				SWIFT_VERSION = 4.0;
				TARGETED_DEVICE_FAMILY = "1,2";
				TEST_TARGET_NAME = HBBooker;
			};
			name = Release;
		};
/* End XCBuildConfiguration section */

/* Begin XCConfigurationList section */
		2A226DDF204E307B0097D14A /* Build configuration list for PBXProject "HBBooker" */ = {
			isa = XCConfigurationList;
			buildConfigurations = (
				2A226E0A204E307B0097D14A /* Debug */,
				2A226E0B204E307B0097D14A /* Release */,
			);
			defaultConfigurationIsVisible = 0;
			defaultConfigurationName = Release;
		};
		2A226E0C204E307B0097D14A /* Build configuration list for PBXNativeTarget "HBBooker" */ = {
			isa = XCConfigurationList;
			buildConfigurations = (
				2A226E0D204E307B0097D14A /* Debug */,
				2A226E0E204E307B0097D14A /* Release */,
			);
			defaultConfigurationIsVisible = 0;
			defaultConfigurationName = Release;
		};
		2A226E0F204E307B0097D14A /* Build configuration list for PBXNativeTarget "HBBookerTests" */ = {
			isa = XCConfigurationList;
			buildConfigurations = (
				2A226E10204E307B0097D14A /* Debug */,
				2A226E11204E307B0097D14A /* Release */,
			);
			defaultConfigurationIsVisible = 0;
			defaultConfigurationName = Release;
		};
		2A226E12204E307B0097D14A /* Build configuration list for PBXNativeTarget "HBBookerUITests" */ = {
			isa = XCConfigurationList;
			buildConfigurations = (
				2A226E13204E307B0097D14A /* Debug */,
				2A226E14204E307B0097D14A /* Release */,
			);
			defaultConfigurationIsVisible = 0;
			defaultConfigurationName = Release;
		};
/* End XCConfigurationList section */
	};
	rootObject = 2A226DDC204E307B0097D14A /* Project object */;
}
